
Microsoft Visual Studio Solution File, Format Version 12.00
# Visual Studio Version 17
VisualStudioVersion = 17.10.34916.146
MinimumVisualStudioVersion = 10.0.40219.1
Project("{FAE04EC0-301F-11D3-BF4B-00C04F79EFBC}") = "etkinlik", "etkinlik\etkinlik.csproj", "{5F03D76E-D688-4439-9301-EDCB5E0F026A}"
EndProject
Global
	GlobalSection(SolutionConfigurationPlatforms) = preSolution
		Debug|Any CPU = Debug|Any CPU
		Release|Any CPU = Release|Any CPU
	EndGlobalSection
	GlobalSection(ProjectConfigurationPlatforms) = postSolution
		{5F03D76E-D688-4439-9301-EDCB5E0F026A}.Debug|Any CPU.ActiveCfg = Debug|Any CPU
		{5F03D76E-D688-4439-9301-EDCB5E0F026A}.Debug|Any CPU.Build.0 = Debug|Any CPU
		{5F03D76E-D688-4439-9301-EDCB5E0F026A}.Release|Any CPU.ActiveCfg = Release|Any CPU
		{5F03D76E-D688-4439-9301-EDCB5E0F026A}.Release|Any CPU.Build.0 = Release|Any CPU
	EndGlobalSection
	GlobalSection(SolutionProperties) = preSolution
		HideSolutionNode = FALSE
	EndGlobalSection
	GlobalSection(ExtensibilityGlobals) = postSolution
		SolutionGuid = {0D38C976-3A47-4E51-9BD1-0F1519BB5679}
	EndGlobalSection
EndGlobal
